{
  "nodes": {
    "haru": {
      "inputs": {
        "nixpkgs": [
          "nixpkgs"
        ]
      },
      "locked": {
        "lastModified": 1791434756,
        "narHash": "sha256-4ce2jNOpcycDW7O35MpPAWRobf2w6MtTmwtgxO0/fpY=",
        "owner": "ruaylabs",
        "repo": "haru",
        "rev": "48ddba7c9d5897a9e312ad6815776250ee07f41c",
        "type": "github"
      },
      "original": {
        "owner": "ruaylabs",
        "repo": "haru",
        "type": "github"
      }
    },
    "nixpkgs": {
      "locked": {
        "lastModified": 1787364730,
        "narHash": "sha256-NcYt9QJfpJiF1lAyN8BDPB4EeScbPU+EwQqPiBElrpU=",
        "owner": "NixOS",
        "repo": "nixpkgs",
        "rev": "a831408e6378bc02ebf8cc09b52c96ca86f6bab4",
        "type": "github"
      },
      "original": {
        "owner": "NixOS",
        "ref": "nixpkgs-unstable",
        "repo": "nixpkgs",
        "type": "github"
      }
    },
    "root": {
      "inputs": {
        "haru": "haru",
        "nixpkgs": "nixpkgs"
      }
    }
  },
  "root": "root",
  "version": 7
}
